
Microsoft Visual Studio Solution File, Format Version 12.00
# Visual Studio Version 17
VisualStudioVersion = 17.7.34031.279
MinimumVisualStudioVersion = 10.0.40219.1
Project("{FAE04EC0-301F-11D3-BF4B-00C04F79EFBC}") = "Banco", "Aplicativo01\Banco.csproj", "{32EB5EB8-E481-45FF-A769-16CD7D02F848}"
EndProject
Global
	GlobalSection(SolutionConfigurationPlatforms) = preSolution
		Debug|Any CPU = Debug|Any CPU
		Release|Any CPU = Release|Any CPU
	EndGlobalSection
	GlobalSection(ProjectConfigurationPlatforms) = postSolution
		{32EB5EB8-E481-45FF-A769-16CD7D02F848}.Debug|Any CPU.ActiveCfg = Debug|Any CPU
		{32EB5EB8-E481-45FF-A769-16CD7D02F848}.Debug|Any CPU.Build.0 = Debug|Any CPU
		{32EB5EB8-E481-45FF-A769-16CD7D02F848}.Release|Any CPU.ActiveCfg = Release|Any CPU
		{32EB5EB8-E481-45FF-A769-16CD7D02F848}.Release|Any CPU.Build.0 = Release|Any CPU
	EndGlobalSection
	GlobalSection(SolutionProperties) = preSolution
		HideSolutionNode = FALSE
	EndGlobalSection
	GlobalSection(ExtensibilityGlobals) = postSolution
		SolutionGuid = {6C7AB5EF-ADC7-4216-81A9-7FC1974E4154}
	EndGlobalSection
EndGlobal
